// !$*UTF8*$!
{
	archiveVersion = 1;
	classes = {
	};
	objectVersion = 50;
	objects = {

/* Begin PBXBuildFile section */
		9B0BEB9224318AF900B26F91 /* AppDelegate.swift in Sources */ = {isa = PBXBuildFile; fileRef = 9B0BEB9124318AF900B26F91 /* AppDelegate.swift */; };
		9B0BEB9424318AF900B26F91 /* SceneDelegate.swift in Sources */ = {isa = PBXBuildFile; fileRef = 9B0BEB9324318AF900B26F91 /* SceneDelegate.swift */; };
		9B0BEB9724318AF900B26F91 /* ToDoList.xcdatamodeld in Sources */ = {isa = PBXBuildFile; fileRef = 9B0BEB9524318AF900B26F91 /* ToDoList.xcdatamodeld */; };
		9B0BEB9924318AF900B26F91 /* CategoryView.swift in Sources */ = {isa = PBXBuildFile; fileRef = 9B0BEB9824318AF900B26F91 /* CategoryView.swift */; };
		9B0BEB9B24318AF900B26F91 /* Assets.xcassets in Resources */ = {isa = PBXBuildFile; fileRef = 9B0BEB9A24318AF900B26F91 /* Assets.xcassets */; };
		9B0BEB9E24318AF900B26F91 /* Preview Assets.xcassets in Resources */ = {isa = PBXBuildFile; fileRef = 9B0BEB9D24318AF900B26F91 /* Preview Assets.xcassets */; };
		9B0BEBA124318AF900B26F91 /* LaunchScreen.storyboard in Resources */ = {isa = PBXBuildFile; fileRef = 9B0BEB9F24318AF900B26F91 /* LaunchScreen.storyboard */; };
		9BDFF8412431994A00CE0DEC /* AddCategoryView.swift in Sources */ = {isa = PBXBuildFile; fileRef = 9BDFF8402431994A00CE0DEC /* AddCategoryView.swift */; };
		9BDFF84324319BE100CE0DEC /* AddCategoryViewModel.swift in Sources */ = {isa = PBXBuildFile; fileRef = 9BDFF84224319BE100CE0DEC /* AddCategoryViewModel.swift */; };
		9BF50C7B243194A70059D6EB /* NSmoc.swift in Sources */ = {isa = PBXBuildFile; fileRef = 9BF50C7A243194A70059D6EB /* NSmoc.swift */; };
		9BF50C7D2431956B0059D6EB /* CoreDataManager.swift in Sources */ = {isa = PBXBuildFile; fileRef = 9BF50C7C2431956B0059D6EB /* CoreDataManager.swift */; };
/* End PBXBuildFile section */

/* Begin PBXFileReference section */
		9B0BEB8E24318AF900B26F91 /* ToDoList.app */ = {isa = PBXFileReference; explicitFileType = wrapper.application; includeInIndex = 0; path = ToDoList.app; sourceTree = BUILT_PRODUCTS_DIR; };
		9B0BEB9124318AF900B26F91 /* AppDelegate.swift */ = {isa = PBXFileReference; lastKnownFileType = sourcecode.swift; path = AppDelegate.swift; sourceTree = "<group>"; };
		9B0BEB9324318AF900B26F91 /* SceneDelegate.swift */ = {isa = PBXFileReference; lastKnownFileType = sourcecode.swift; path = SceneDelegate.swift; sourceTree = "<group>"; };
		9B0BEB9624318AF900B26F91 /* ToDoList.xcdatamodel */ = {isa = PBXFileReference; lastKnownFileType = wrapper.xcdatamodel; path = ToDoList.xcdatamodel; sourceTree = "<group>"; };
		9B0BEB9824318AF900B26F91 /* CategoryView.swift */ = {isa = PBXFileReference; lastKnownFileType = sourcecode.swift; path = CategoryView.swift; sourceTree = "<group>"; };
		9B0BEB9A24318AF900B26F91 /* Assets.xcassets */ = {isa = PBXFileReference; lastKnownFileType = folder.assetcatalog; path = Assets.xcassets; sourceTree = "<group>"; };
		9B0BEB9D24318AF900B26F91 /* Preview Assets.xcassets */ = {isa = PBXFileReference; lastKnownFileType = folder.assetcatalog; path = "Preview Assets.xcassets"; sourceTree = "<group>"; };
		9B0BEBA024318AF900B26F91 /* Base */ = {isa = PBXFileReference; lastKnownFileType = file.storyboard; name = Base; path = Base.lproj/LaunchScreen.storyboard; sourceTree = "<group>"; };
		9B0BEBA224318AF900B26F91 /* Info.plist */ = {isa = PBXFileReference; lastKnownFileType = text.plist.xml; path = Info.plist; sourceTree = "<group>"; };
		9BDFF8402431994A00CE0DEC /* AddCategoryView.swift */ = {isa = PBXFileReference; lastKnownFileType = sourcecode.swift; path = AddCategoryView.swift; sourceTree = "<group>"; };
		9BDFF84224319BE100CE0DEC /* AddCategoryViewModel.swift */ = {isa = PBXFileReference; lastKnownFileType = sourcecode.swift; path = AddCategoryViewModel.swift; sourceTree = "<group>"; };
		9BF50C7A243194A70059D6EB /* NSmoc.swift */ = {isa = PBXFileReference; lastKnownFileType = sourcecode.swift; path = NSmoc.swift; sourceTree = "<group>"; };
		9BF50C7C2431956B0059D6EB /* CoreDataManager.swift */ = {isa = PBXFileReference; lastKnownFileType = sourcecode.swift; path = CoreDataManager.swift; sourceTree = "<group>"; };
/* End PBXFileReference section */

/* Begin PBXFrameworksBuildPhase section */
		9B0BEB8B24318AF900B26F91 /* Frameworks */ = {
			isa = PBXFrameworksBuildPhase;
			buildActionMask = 2147483647;
			files = (
			);
			runOnlyForDeploymentPostprocessing = 0;
		};
/* End PBXFrameworksBuildPhase section */

/* Begin PBXGroup section */
		9B0BEB8524318AF900B26F91 = {
			isa = PBXGroup;
			children = (
				9B0BEB9024318AF900B26F91 /* ToDoList */,
				9B0BEB8F24318AF900B26F91 /* Products */,
			);
			sourceTree = "<group>";
		};
		9B0BEB8F24318AF900B26F91 /* Products */ = {
			isa = PBXGroup;
			children = (
				9B0BEB8E24318AF900B26F91 /* ToDoList.app */,
			);
			name = Products;
			sourceTree = "<group>";
		};
		9B0BEB9024318AF900B26F91 /* ToDoList */ = {
			isa = PBXGroup;
			children = (
				9BF50C79243192C70059D6EB /* Model */,
				9B0BEBAB24318F5800B26F91 /* Views */,
				9B0BEBAA24318F4C00B26F91 /* View Models */,
				9B0BEBA924318F3100B26F91 /* Extensions */,
				9B0BEBA824318F2E00B26F91 /* Managers */,
				9B0BEB9124318AF900B26F91 /* AppDelegate.swift */,
				9B0BEB9324318AF900B26F91 /* SceneDelegate.swift */,
				9B0BEB9A24318AF900B26F91 /* Assets.xcassets */,
				9B0BEB9F24318AF900B26F91 /* LaunchScreen.storyboard */,
				9B0BEBA224318AF900B26F91 /* Info.plist */,
				9B0BEB9C24318AF900B26F91 /* Preview Content */,
			);
			path = ToDoList;
			sourceTree = "<group>";
		};
		9B0BEB9C24318AF900B26F91 /* Preview Content */ = {
			isa = PBXGroup;
			children = (
				9B0BEB9D24318AF900B26F91 /* Preview Assets.xcassets */,
			);
			path = "Preview Content";
			sourceTree = "<group>";
		};
		9B0BEBA824318F2E00B26F91 /* Managers */ = {
			isa = PBXGroup;
			children = (
				9BF50C7C2431956B0059D6EB /* CoreDataManager.swift */,
			);
			path = Managers;
			sourceTree = "<group>";
		};
		9B0BEBA924318F3100B26F91 /* Extensions */ = {
			isa = PBXGroup;
			children = (
				9BF50C7A243194A70059D6EB /* NSmoc.swift */,
			);
			path = Extensions;
			sourceTree = "<group>";
		};
		9B0BEBAA24318F4C00B26F91 /* View Models */ = {
			isa = PBXGroup;
			children = (
				9BDFF84224319BE100CE0DEC /* AddCategoryViewModel.swift */,
			);
			path = "View Models";
			sourceTree = "<group>";
		};
		9B0BEBAB24318F5800B26F91 /* Views */ = {
			isa = PBXGroup;
			children = (
				9B0BEB9824318AF900B26F91 /* CategoryView.swift */,
				9BDFF8402431994A00CE0DEC /* AddCategoryView.swift */,
			);
			path = Views;
			sourceTree = "<group>";
		};
		9BF50C79243192C70059D6EB /* Model */ = {
			isa = PBXGroup;
			children = (
				9B0BEB9524318AF900B26F91 /* ToDoList.xcdatamodeld */,
			);
			path = Model;
			sourceTree = "<group>";
		};
/* End PBXGroup section */

/* Begin PBXNativeTarget section */
		9B0BEB8D24318AF900B26F91 /* ToDoList */ = {
			isa = PBXNativeTarget;
			buildConfigurationList = 9B0BEBA524318AF900B26F91 /* Build configuration list for PBXNativeTarget "ToDoList" */;
			buildPhases = (
				9B0BEB8A24318AF900B26F91 /* Sources */,
				9B0BEB8B24318AF900B26F91 /* Frameworks */,
				9B0BEB8C24318AF900B26F91 /* Resources */,
			);
			buildRules = (
			);
			dependencies = (
			);
			name = ToDoList;
			productName = ToDoList;
			productReference = 9B0BEB8E24318AF900B26F91 /* ToDoList.app */;
			productType = "com.apple.product-type.application";
		};
/* End PBXNativeTarget section */

/* Begin PBXProject section */
		9B0BEB8624318AF900B26F91 /* Project object */ = {
			isa = PBXProject;
			attributes = {
				LastSwiftUpdateCheck = 1140;
				LastUpgradeCheck = 1140;
				ORGANIZATIONNAME = "David E Bratton";
				TargetAttributes = {
					9B0BEB8D24318AF900B26F91 = {
						CreatedOnToolsVersion = 11.4;
					};
				};
			};
			buildConfigurationList = 9B0BEB8924318AF900B26F91 /* Build configuration list for PBXProject "ToDoList" */;
			compatibilityVersion = "Xcode 9.3";
			developmentRegion = en;
			hasScannedForEncodings = 0;
			knownRegions = (
				en,
				Base,
			);
			mainGroup = 9B0BEB8524318AF900B26F91;
			productRefGroup = 9B0BEB8F24318AF900B26F91 /* Products */;
			projectDirPath = "";
			projectRoot = "";
			targets = (
				9B0BEB8D24318AF900B26F91 /* ToDoList */,
			);
		};
/* End PBXProject section */

/* Begin PBXResourcesBuildPhase section */
		9B0BEB8C24318AF900B26F91 /* Resources */ = {
			isa = PBXResourcesBuildPhase;
			buildActionMask = 2147483647;
			files = (
				9B0BEBA124318AF900B26F91 /* LaunchScreen.storyboard in Resources */,
				9B0BEB9E24318AF900B26F91 /* Preview Assets.xcassets in Resources */,
				9B0BEB9B24318AF900B26F91 /* Assets.xcassets in Resources */,
			);
			runOnlyForDeploymentPostprocessing = 0;
		};
/* End PBXResourcesBuildPhase section */

/* Begin PBXSourcesBuildPhase section */
		9B0BEB8A24318AF900B26F91 /* Sources */ = {
			isa = PBXSourcesBuildPhase;
			buildActionMask = 2147483647;
			files = (
				9BDFF84324319BE100CE0DEC /* AddCategoryViewModel.swift in Sources */,
				9BDFF8412431994A00CE0DEC /* AddCategoryView.swift in Sources */,
				9BF50C7D2431956B0059D6EB /* CoreDataManager.swift in Sources */,
				9B0BEB9224318AF900B26F91 /* AppDelegate.swift in Sources */,
				9B0BEB9724318AF900B26F91 /* ToDoList.xcdatamodeld in Sources */,
				9BF50C7B243194A70059D6EB /* NSmoc.swift in Sources */,
				9B0BEB9924318AF900B26F91 /* CategoryView.swift in Sources */,
				9B0BEB9424318AF900B26F91 /* SceneDelegate.swift in Sources */,
			);
			runOnlyForDeploymentPostprocessing = 0;
		};
/* End PBXSourcesBuildPhase section */

/* Begin PBXVariantGroup section */
		9B0BEB9F24318AF900B26F91 /* LaunchScreen.storyboard */ = {
			isa = PBXVariantGroup;
			children = (
				9B0BEBA024318AF900B26F91 /* Base */,
			);
			name = LaunchScreen.storyboard;
			sourceTree = "<group>";
		};
/* End PBXVariantGroup section */

/* Begin XCBuildConfiguration section */
		9B0BEBA324318AF900B26F91 /* Debug */ = {
			isa = XCBuildConfiguration;
			buildSettings = {
				ALWAYS_SEARCH_USER_PATHS = NO;
				CLANG_ANALYZER_NONNULL = YES;
				CLANG_ANALYZER_NUMBER_OBJECT_CONVERSION = YES_AGGRESSIVE;
				CLANG_CXX_LANGUAGE_STANDARD = "gnu++14";
				CLANG_CXX_LIBRARY = "libc++";
				CLANG_ENABLE_MODULES = YES;
				CLANG_ENABLE_OBJC_ARC = YES;
				CLANG_ENABLE_OBJC_WEAK = YES;
				CLANG_WARN_BLOCK_CAPTURE_AUTORELEASING = YES;
				CLANG_WARN_BOOL_CONVERSION = YES;
				CLANG_WARN_COMMA = YES;
				CLANG_WARN_CONSTANT_CONVERSION = YES;
				CLANG_WARN_DEPRECATED_OBJC_IMPLEMENTATIONS = YES;
				CLANG_WARN_DIRECT_OBJC_ISA_USAGE = YES_ERROR;
				CLANG_WARN_DOCUMENTATION_COMMENTS = YES;
				CLANG_WARN_EMPTY_BODY = YES;
				CLANG_WARN_ENUM_CONVERSION = YES;
				CLANG_WARN_INFINITE_RECURSION = YES;
				CLANG_WARN_INT_CONVERSION = YES;
				CLANG_WARN_NON_LITERAL_NULL_CONVERSION = YES;
				CLANG_WARN_OBJC_IMPLICIT_RETAIN_SELF = YES;
				CLANG_WARN_OBJC_LITERAL_CONVERSION = YES;
				CLANG_WARN_OBJC_ROOT_CLASS = YES_ERROR;
				CLANG_WARN_RANGE_LOOP_ANALYSIS = YES;
				CLANG_WARN_STRICT_PROTOTYPES = YES;
				CLANG_WARN_SUSPICIOUS_MOVE = YES;
				CLANG_WARN_UNGUARDED_AVAILABILITY = YES_AGGRESSIVE;
				CLANG_WARN_UNREACHABLE_CODE = YES;
				CLANG_WARN__DUPLICATE_METHOD_MATCH = YES;
				COPY_PHASE_STRIP = NO;
				DEBUG_INFORMATION_FORMAT = dwarf;
				ENABLE_STRICT_OBJC_MSGSEND = YES;
				ENABLE_TESTABILITY = YES;
				GCC_C_LANGUAGE_STANDARD = gnu11;
				GCC_DYNAMIC_NO_PIC = NO;
				GCC_NO_COMMON_BLOCKS = YES;
				GCC_OPTIMIZATION_LEVEL = 0;
				GCC_PREPROCESSOR_DEFINITIONS = (
					"DEBUG=1",
					"$(inherited)",
				);
				GCC_WARN_64_TO_32_BIT_CONVERSION = YES;
				GCC_WARN_ABOUT_RETURN_TYPE = YES_ERROR;
				GCC_WARN_UNDECLARED_SELECTOR = YES;
				GCC_WARN_UNINITIALIZED_AUTOS = YES_AGGRESSIVE;
				GCC_WARN_UNUSED_FUNCTION = YES;
				GCC_WARN_UNUSED_VARIABLE = YES;
				IPHONEOS_DEPLOYMENT_TARGET = 13.4;
				MTL_ENABLE_DEBUG_INFO = INCLUDE_SOURCE;
				MTL_FAST_MATH = YES;
				ONLY_ACTIVE_ARCH = YES;
				SDKROOT = iphoneos;
				SWIFT_ACTIVE_COMPILATION_CONDITIONS = DEBUG;
				SWIFT_OPTIMIZATION_LEVEL = "-Onone";
			};
			name = Debug;
		};
		9B0BEBA424318AF900B26F91 /* Release */ = {
			isa = XCBuildConfiguration;
			buildSettings = {
				ALWAYS_SEARCH_USER_PATHS = NO;
				CLANG_ANALYZER_NONNULL = YES;
				CLANG_ANALYZER_NUMBER_OBJECT_CONVERSION = YES_AGGRESSIVE;
				CLANG_CXX_LANGUAGE_STANDARD = "gnu++14";
				CLANG_CXX_LIBRARY = "libc++";
				CLANG_ENABLE_MODULES = YES;
				CLANG_ENABLE_OBJC_ARC = YES;
				CLANG_ENABLE_OBJC_WEAK = YES;
				CLANG_WARN_BLOCK_CAPTURE_AUTORELEASING = YES;
				CLANG_WARN_BOOL_CONVERSION = YES;
				CLANG_WARN_COMMA = YES;
				CLANG_WARN_CONSTANT_CONVERSION = YES;
				CLANG_WARN_DEPRECATED_OBJC_IMPLEMENTATIONS = YES;
				CLANG_WARN_DIRECT_OBJC_ISA_USAGE = YES_ERROR;
				CLANG_WARN_DOCUMENTATION_COMMENTS = YES;
				CLANG_WARN_EMPTY_BODY = YES;
				CLANG_WARN_ENUM_CONVERSION = YES;
				CLANG_WARN_INFINITE_RECURSION = YES;
				CLANG_WARN_INT_CONVERSION = YES;
				CLANG_WARN_NON_LITERAL_NULL_CONVERSION = YES;
				CLANG_WARN_OBJC_IMPLICIT_RETAIN_SELF = YES;
				CLANG_WARN_OBJC_LITERAL_CONVERSION = YES;
				CLANG_WARN_OBJC_ROOT_CLASS = YES_ERROR;
				CLANG_WARN_RANGE_LOOP_ANALYSIS = YES;
				CLANG_WARN_STRICT_PROTOTYPES = YES;
				CLANG_WARN_SUSPICIOUS_MOVE = YES;
				CLANG_WARN_UNGUARDED_AVAILABILITY = YES_AGGRESSIVE;
				CLANG_WARN_UNREACHABLE_CODE = YES;
				CLANG_WARN__DUPLICATE_METHOD_MATCH = YES;
				COPY_PHASE_STRIP = NO;
				DEBUG_INFORMATION_FORMAT = "dwarf-with-dsym";
				ENABLE_NS_ASSERTIONS = NO;
				ENABLE_STRICT_OBJC_MSGSEND = YES;
				GCC_C_LANGUAGE_STANDARD = gnu11;
				GCC_NO_COMMON_BLOCKS = YES;
				GCC_WARN_64_TO_32_BIT_CONVERSION = YES;
				GCC_WARN_ABOUT_RETURN_TYPE = YES_ERROR;
				GCC_WARN_UNDECLARED_SELECTOR = YES;
				GCC_WARN_UNINITIALIZED_AUTOS = YES_AGGRESSIVE;
				GCC_WARN_UNUSED_FUNCTION = YES;
				GCC_WARN_UNUSED_VARIABLE = YES;
				IPHONEOS_DEPLOYMENT_TARGET = 13.4;
				MTL_ENABLE_DEBUG_INFO = NO;
				MTL_FAST_MATH = YES;
				SDKROOT = iphoneos;
				SWIFT_COMPILATION_MODE = wholemodule;
				SWIFT_OPTIMIZATION_LEVEL = "-O";
				VALIDATE_PRODUCT = YES;
			};
			name = Release;
		};
		9B0BEBA624318AF900B26F91 /* Debug */ = {
			isa = XCBuildConfiguration;
			buildSettings = {
				ASSETCATALOG_COMPILER_APPICON_NAME = AppIcon;
				CODE_SIGN_STYLE = Automatic;
				DEVELOPMENT_ASSET_PATHS = "\"ToDoList/Preview Content\"";
				DEVELOPMENT_TEAM = 38CU8Z7F4U;
				ENABLE_PREVIEWS = YES;
				INFOPLIST_FILE = ToDoList/Info.plist;
				LD_RUNPATH_SEARCH_PATHS = (
					"$(inherited)",
					"@executable_path/Frameworks",
				);
				PRODUCT_BUNDLE_IDENTIFIER = com.davidbratton.ToDoList;
				PRODUCT_NAME = "$(TARGET_NAME)";
				SWIFT_VERSION = 5.0;
				TARGETED_DEVICE_FAMILY = "1,2";
			};
			name = Debug;
		};
		9B0BEBA724318AF900B26F91 /* Release */ = {
			isa = XCBuildConfiguration;
			buildSettings = {
				ASSETCATALOG_COMPILER_APPICON_NAME = AppIcon;
				CODE_SIGN_STYLE = Automatic;
				DEVELOPMENT_ASSET_PATHS = "\"ToDoList/Preview Content\"";
				DEVELOPMENT_TEAM = 38CU8Z7F4U;
				ENABLE_PREVIEWS = YES;
				INFOPLIST_FILE = ToDoList/Info.plist;
				LD_RUNPATH_SEARCH_PATHS = (
					"$(inherited)",
					"@executable_path/Frameworks",
				);
				PRODUCT_BUNDLE_IDENTIFIER = com.davidbratton.ToDoList;
				PRODUCT_NAME = "$(TARGET_NAME)";
				SWIFT_VERSION = 5.0;
				TARGETED_DEVICE_FAMILY = "1,2";
			};
			name = Release;
		};
/* End XCBuildConfiguration section */

/* Begin XCConfigurationList section */
		9B0BEB8924318AF900B26F91 /* Build configuration list for PBXProject "ToDoList" */ = {
			isa = XCConfigurationList;
			buildConfigurations = (
				9B0BEBA324318AF900B26F91 /* Debug */,
				9B0BEBA424318AF900B26F91 /* Release */,
			);
			defaultConfigurationIsVisible = 0;
			defaultConfigurationName = Release;
		};
		9B0BEBA524318AF900B26F91 /* Build configuration list for PBXNativeTarget "ToDoList" */ = {
			isa = XCConfigurationList;
			buildConfigurations = (
				9B0BEBA624318AF900B26F91 /* Debug */,
				9B0BEBA724318AF900B26F91 /* Release */,
			);
			defaultConfigurationIsVisible = 0;
			defaultConfigurationName = Release;
		};
/* End XCConfigurationList section */

/* Begin XCVersionGroup section */
		9B0BEB9524318AF900B26F91 /* ToDoList.xcdatamodeld */ = {
			isa = XCVersionGroup;
			children = (
				9B0BEB9624318AF900B26F91 /* ToDoList.xcdatamodel */,
			);
			currentVersion = 9B0BEB9624318AF900B26F91 /* ToDoList.xcdatamodel */;
			path = ToDoList.xcdatamodeld;
			sourceTree = "<group>";
			versionGroupType = wrapper.xcdatamodel;
		};
/* End XCVersionGroup section */
	};
	rootObject = 9B0BEB8624318AF900B26F91 /* Project object */;
}
